// !$*UTF8*$!
{
	archiveVersion = 1;
	classes = {
	};
	objectVersion = 50;
	objects = {

/* Begin PBXBuildFile section */
		9A6620CDECE13B44653FE59F /* Pods_giVit.framework in Frameworks */ = {isa = PBXBuildFile; fileRef = 8B4CA107B59D32E48FCF8D56 /* Pods_giVit.framework */; };
		FA115A1C20D61B91008D7C2B /* CustomInputTextField.swift in Sources */ = {isa = PBXBuildFile; fileRef = FA115A1B20D61B91008D7C2B /* CustomInputTextField.swift */; };
		FA115A1E20D64E51008D7C2B /* SignUpViewController.swift in Sources */ = {isa = PBXBuildFile; fileRef = FA115A1D20D64E51008D7C2B /* SignUpViewController.swift */; };
		FAAC748120D5B8E5005B22A0 /* Extensions.swift in Sources */ = {isa = PBXBuildFile; fileRef = FAAC748020D5B8E5005B22A0 /* Extensions.swift */; };
		FAAC748420D5BC4E005B22A0 /* CustomFullWidthButton.swift in Sources */ = {isa = PBXBuildFile; fileRef = FAAC748320D5BC4E005B22A0 /* CustomFullWidthButton.swift */; };
		FABEEC8620CC7612005527F3 /* GoogleService-Info.plist in Resources */ = {isa = PBXBuildFile; fileRef = FABEEC8520CC7612005527F3 /* GoogleService-Info.plist */; };
		FAFAE56320CC884F0005DCEC /* LoginViewController.swift in Sources */ = {isa = PBXBuildFile; fileRef = FAFAE56220CC884F0005DCEC /* LoginViewController.swift */; };
		FAFE3B2920CC6E270077612E /* AppDelegate.swift in Sources */ = {isa = PBXBuildFile; fileRef = FAFE3B2820CC6E270077612E /* AppDelegate.swift */; };
		FAFE3B2B20CC6E270077612E /* LoadingViewController.swift in Sources */ = {isa = PBXBuildFile; fileRef = FAFE3B2A20CC6E270077612E /* LoadingViewController.swift */; };
		FAFE3B2E20CC6E270077612E /* Main.storyboard in Resources */ = {isa = PBXBuildFile; fileRef = FAFE3B2C20CC6E270077612E /* Main.storyboard */; };
		FAFE3B3020CC6E290077612E /* Assets.xcassets in Resources */ = {isa = PBXBuildFile; fileRef = FAFE3B2F20CC6E290077612E /* Assets.xcassets */; };
		FAFE3B3320CC6E290077612E /* LaunchScreen.storyboard in Resources */ = {isa = PBXBuildFile; fileRef = FAFE3B3120CC6E290077612E /* LaunchScreen.storyboard */; };
/* End PBXBuildFile section */

/* Begin PBXCopyFilesBuildPhase section */
		FAFE3B5E20CC6E2A0077612E /* Embed Watch Content */ = {
			isa = PBXCopyFilesBuildPhase;
			buildActionMask = 2147483647;
			dstPath = "$(CONTENTS_FOLDER_PATH)/Watch";
			dstSubfolderSpec = 16;
			files = (
			);
			name = "Embed Watch Content";
			runOnlyForDeploymentPostprocessing = 0;
		};
/* End PBXCopyFilesBuildPhase section */

/* Begin PBXFileReference section */
		07AC350514DA62028E0813DC /* Pods-giVit WatchKit App.debug.xcconfig */ = {isa = PBXFileReference; includeInIndex = 1; lastKnownFileType = text.xcconfig; name = "Pods-giVit WatchKit App.debug.xcconfig"; path = "Pods/Target Support Files/Pods-giVit WatchKit App/Pods-giVit WatchKit App.debug.xcconfig"; sourceTree = "<group>"; };
		08625AF286CE2C2463D61143 /* Pods_giVit_WatchKit_App.framework */ = {isa = PBXFileReference; explicitFileType = wrapper.framework; includeInIndex = 0; path = Pods_giVit_WatchKit_App.framework; sourceTree = BUILT_PRODUCTS_DIR; };
		2822D20473344B8C2F2F2C3E /* Pods-giVit.release.xcconfig */ = {isa = PBXFileReference; includeInIndex = 1; lastKnownFileType = text.xcconfig; name = "Pods-giVit.release.xcconfig"; path = "Pods/Target Support Files/Pods-giVit/Pods-giVit.release.xcconfig"; sourceTree = "<group>"; };
		36B325A53A7FFB99733D8743 /* Pods_giVit_WatchKit_Extension.framework */ = {isa = PBXFileReference; explicitFileType = wrapper.framework; includeInIndex = 0; path = Pods_giVit_WatchKit_Extension.framework; sourceTree = BUILT_PRODUCTS_DIR; };
		79F8305D1CBF40F2EE4127C0 /* Pods-giVit WatchKit Extension.release.xcconfig */ = {isa = PBXFileReference; includeInIndex = 1; lastKnownFileType = text.xcconfig; name = "Pods-giVit WatchKit Extension.release.xcconfig"; path = "Pods/Target Support Files/Pods-giVit WatchKit Extension/Pods-giVit WatchKit Extension.release.xcconfig"; sourceTree = "<group>"; };
		7E3ABAE24B7BE9E978FB6049 /* Pods-giVit WatchKit Extension.debug.xcconfig */ = {isa = PBXFileReference; includeInIndex = 1; lastKnownFileType = text.xcconfig; name = "Pods-giVit WatchKit Extension.debug.xcconfig"; path = "Pods/Target Support Files/Pods-giVit WatchKit Extension/Pods-giVit WatchKit Extension.debug.xcconfig"; sourceTree = "<group>"; };
		8B4CA107B59D32E48FCF8D56 /* Pods_giVit.framework */ = {isa = PBXFileReference; explicitFileType = wrapper.framework; includeInIndex = 0; path = Pods_giVit.framework; sourceTree = BUILT_PRODUCTS_DIR; };
		9FF5E4C56E0CCD7C303B79B0 /* Pods-giVit.debug.xcconfig */ = {isa = PBXFileReference; includeInIndex = 1; lastKnownFileType = text.xcconfig; name = "Pods-giVit.debug.xcconfig"; path = "Pods/Target Support Files/Pods-giVit/Pods-giVit.debug.xcconfig"; sourceTree = "<group>"; };
		FA115A1B20D61B91008D7C2B /* CustomInputTextField.swift */ = {isa = PBXFileReference; lastKnownFileType = sourcecode.swift; path = CustomInputTextField.swift; sourceTree = "<group>"; };
		FA115A1D20D64E51008D7C2B /* SignUpViewController.swift */ = {isa = PBXFileReference; lastKnownFileType = sourcecode.swift; path = SignUpViewController.swift; sourceTree = "<group>"; };
		FAAC748020D5B8E5005B22A0 /* Extensions.swift */ = {isa = PBXFileReference; lastKnownFileType = sourcecode.swift; path = Extensions.swift; sourceTree = "<group>"; };
		FAAC748320D5BC4E005B22A0 /* CustomFullWidthButton.swift */ = {isa = PBXFileReference; lastKnownFileType = sourcecode.swift; path = CustomFullWidthButton.swift; sourceTree = "<group>"; };
		FABEEC8520CC7612005527F3 /* GoogleService-Info.plist */ = {isa = PBXFileReference; fileEncoding = 4; lastKnownFileType = text.plist.xml; path = "GoogleService-Info.plist"; sourceTree = "<group>"; };
		FAFAE56220CC884F0005DCEC /* LoginViewController.swift */ = {isa = PBXFileReference; lastKnownFileType = sourcecode.swift; path = LoginViewController.swift; sourceTree = "<group>"; };
		FAFE3B2520CC6E270077612E /* giVit.app */ = {isa = PBXFileReference; explicitFileType = wrapper.application; includeInIndex = 0; path = giVit.app; sourceTree = BUILT_PRODUCTS_DIR; };
		FAFE3B2820CC6E270077612E /* AppDelegate.swift */ = {isa = PBXFileReference; lastKnownFileType = sourcecode.swift; path = AppDelegate.swift; sourceTree = "<group>"; };
		FAFE3B2A20CC6E270077612E /* LoadingViewController.swift */ = {isa = PBXFileReference; lastKnownFileType = sourcecode.swift; path = LoadingViewController.swift; sourceTree = "<group>"; };
		FAFE3B2D20CC6E270077612E /* Base */ = {isa = PBXFileReference; lastKnownFileType = file.storyboard; name = Base; path = Base.lproj/Main.storyboard; sourceTree = "<group>"; };
		FAFE3B2F20CC6E290077612E /* Assets.xcassets */ = {isa = PBXFileReference; lastKnownFileType = folder.assetcatalog; path = Assets.xcassets; sourceTree = "<group>"; };
		FAFE3B3220CC6E290077612E /* Base */ = {isa = PBXFileReference; lastKnownFileType = file.storyboard; name = Base; path = Base.lproj/LaunchScreen.storyboard; sourceTree = "<group>"; };
		FAFE3B3420CC6E290077612E /* Info.plist */ = {isa = PBXFileReference; lastKnownFileType = text.plist.xml; path = Info.plist; sourceTree = "<group>"; };
		FD3C0011BE6C21FD651957EB /* Pods-giVit WatchKit App.release.xcconfig */ = {isa = PBXFileReference; includeInIndex = 1; lastKnownFileType = text.xcconfig; name = "Pods-giVit WatchKit App.release.xcconfig"; path = "Pods/Target Support Files/Pods-giVit WatchKit App/Pods-giVit WatchKit App.release.xcconfig"; sourceTree = "<group>"; };
/* End PBXFileReference section */

/* Begin PBXFrameworksBuildPhase section */
		FAFE3B2220CC6E270077612E /* Frameworks */ = {
			isa = PBXFrameworksBuildPhase;
			buildActionMask = 2147483647;
			files = (
				9A6620CDECE13B44653FE59F /* Pods_giVit.framework in Frameworks */,
			);
			runOnlyForDeploymentPostprocessing = 0;
		};
/* End PBXFrameworksBuildPhase section */

/* Begin PBXGroup section */
		20CFD4F5653F91FBB64CD503 /* Frameworks */ = {
			isa = PBXGroup;
			children = (
				8B4CA107B59D32E48FCF8D56 /* Pods_giVit.framework */,
				08625AF286CE2C2463D61143 /* Pods_giVit_WatchKit_App.framework */,
				36B325A53A7FFB99733D8743 /* Pods_giVit_WatchKit_Extension.framework */,
			);
			name = Frameworks;
			sourceTree = "<group>";
		};
		55E3F5C1E1A80AE619808094 /* Pods */ = {
			isa = PBXGroup;
			children = (
				9FF5E4C56E0CCD7C303B79B0 /* Pods-giVit.debug.xcconfig */,
				2822D20473344B8C2F2F2C3E /* Pods-giVit.release.xcconfig */,
				07AC350514DA62028E0813DC /* Pods-giVit WatchKit App.debug.xcconfig */,
				FD3C0011BE6C21FD651957EB /* Pods-giVit WatchKit App.release.xcconfig */,
				7E3ABAE24B7BE9E978FB6049 /* Pods-giVit WatchKit Extension.debug.xcconfig */,
				79F8305D1CBF40F2EE4127C0 /* Pods-giVit WatchKit Extension.release.xcconfig */,
			);
			name = Pods;
			sourceTree = "<group>";
		};
		FAAC747F20D5B787005B22A0 /* Helper Files */ = {
			isa = PBXGroup;
			children = (
				FAAC748020D5B8E5005B22A0 /* Extensions.swift */,
			);
			name = "Helper Files";
			sourceTree = "<group>";
		};
		FAAC748220D5BC1A005B22A0 /* Components */ = {
			isa = PBXGroup;
			children = (
				FAAC748320D5BC4E005B22A0 /* CustomFullWidthButton.swift */,
				FA115A1B20D61B91008D7C2B /* CustomInputTextField.swift */,
			);
			name = Components;
			sourceTree = "<group>";
		};
		FAFAE56120CC79840005DCEC /* Screens */ = {
			isa = PBXGroup;
			children = (
				FAFE3B2A20CC6E270077612E /* LoadingViewController.swift */,
				FAFAE56220CC884F0005DCEC /* LoginViewController.swift */,
				FA115A1D20D64E51008D7C2B /* SignUpViewController.swift */,
			);
			name = Screens;
			sourceTree = "<group>";
		};
		FAFE3B1C20CC6E260077612E = {
			isa = PBXGroup;
			children = (
				FAFE3B2720CC6E270077612E /* giVit */,
				FAFE3B2620CC6E270077612E /* Products */,
				55E3F5C1E1A80AE619808094 /* Pods */,
				20CFD4F5653F91FBB64CD503 /* Frameworks */,
			);
			sourceTree = "<group>";
		};
		FAFE3B2620CC6E270077612E /* Products */ = {
			isa = PBXGroup;
			children = (
				FAFE3B2520CC6E270077612E /* giVit.app */,
			);
			name = Products;
			sourceTree = "<group>";
		};
		FAFE3B2720CC6E270077612E /* giVit */ = {
			isa = PBXGroup;
			children = (
				FAAC748220D5BC1A005B22A0 /* Components */,
				FAAC747F20D5B787005B22A0 /* Helper Files */,
				FABEEC8520CC7612005527F3 /* GoogleService-Info.plist */,
				FAFE3B2820CC6E270077612E /* AppDelegate.swift */,
				FAFAE56120CC79840005DCEC /* Screens */,
				FAFE3B2C20CC6E270077612E /* Main.storyboard */,
				FAFE3B2F20CC6E290077612E /* Assets.xcassets */,
				FAFE3B3120CC6E290077612E /* LaunchScreen.storyboard */,
				FAFE3B3420CC6E290077612E /* Info.plist */,
			);
			path = giVit;
			sourceTree = "<group>";
		};
/* End PBXGroup section */

/* Begin PBXNativeTarget section */
		FAFE3B2420CC6E270077612E /* giVit */ = {
			isa = PBXNativeTarget;
			buildConfigurationList = FAFE3B5F20CC6E2A0077612E /* Build configuration list for PBXNativeTarget "giVit" */;
			buildPhases = (
				8BC244508381238466AC2E23 /* [CP] Check Pods Manifest.lock */,
				FAFE3B2120CC6E270077612E /* Sources */,
				FAFE3B2220CC6E270077612E /* Frameworks */,
				FAFE3B2320CC6E270077612E /* Resources */,
				FAFE3B5E20CC6E2A0077612E /* Embed Watch Content */,
				640E416F0622A0F2BD9DFE09 /* [CP] Embed Pods Frameworks */,
			);
			buildRules = (
			);
			dependencies = (
			);
			name = giVit;
			productName = giVit;
			productReference = FAFE3B2520CC6E270077612E /* giVit.app */;
			productType = "com.apple.product-type.application";
		};
/* End PBXNativeTarget section */

/* Begin PBXProject section */
		FAFE3B1D20CC6E270077612E /* Project object */ = {
			isa = PBXProject;
			attributes = {
				LastSwiftUpdateCheck = 0940;
				LastUpgradeCheck = 0940;
				ORGANIZATIONNAME = EnggMomo;
				TargetAttributes = {
					FAFE3B2420CC6E270077612E = {
						CreatedOnToolsVersion = 9.4;
					};
				};
			};
			buildConfigurationList = FAFE3B2020CC6E270077612E /* Build configuration list for PBXProject "giVit" */;
			compatibilityVersion = "Xcode 9.3";
			developmentRegion = en;
			hasScannedForEncodings = 0;
			knownRegions = (
				en,
				Base,
			);
			mainGroup = FAFE3B1C20CC6E260077612E;
			productRefGroup = FAFE3B2620CC6E270077612E /* Products */;
			projectDirPath = "";
			projectRoot = "";
			targets = (
				FAFE3B2420CC6E270077612E /* giVit */,
			);
		};
/* End PBXProject section */

/* Begin PBXResourcesBuildPhase section */
		FAFE3B2320CC6E270077612E /* Resources */ = {
			isa = PBXResourcesBuildPhase;
			buildActionMask = 2147483647;
			files = (
				FAFE3B3320CC6E290077612E /* LaunchScreen.storyboard in Resources */,
				FABEEC8620CC7612005527F3 /* GoogleService-Info.plist in Resources */,
				FAFE3B3020CC6E290077612E /* Assets.xcassets in Resources */,
				FAFE3B2E20CC6E270077612E /* Main.storyboard in Resources */,
			);
			runOnlyForDeploymentPostprocessing = 0;
		};
/* End PBXResourcesBuildPhase section */

/* Begin PBXShellScriptBuildPhase section */
		640E416F0622A0F2BD9DFE09 /* [CP] Embed Pods Frameworks */ = {
			isa = PBXShellScriptBuildPhase;
			buildActionMask = 2147483647;
			files = (
			);
			inputPaths = (
				"${SRCROOT}/Pods/Target Support Files/Pods-giVit/Pods-giVit-frameworks.sh",
				"${BUILT_PRODUCTS_DIR}/GTMSessionFetcher/GTMSessionFetcher.framework",
				"${BUILT_PRODUCTS_DIR}/GoogleToolboxForMac/GoogleToolboxForMac.framework",
				"${BUILT_PRODUCTS_DIR}/nanopb/nanopb.framework",
			);
			name = "[CP] Embed Pods Frameworks";
			outputPaths = (
				"${TARGET_BUILD_DIR}/${FRAMEWORKS_FOLDER_PATH}/GTMSessionFetcher.framework",
				"${TARGET_BUILD_DIR}/${FRAMEWORKS_FOLDER_PATH}/GoogleToolboxForMac.framework",
				"${TARGET_BUILD_DIR}/${FRAMEWORKS_FOLDER_PATH}/nanopb.framework",
			);
			runOnlyForDeploymentPostprocessing = 0;
			shellPath = /bin/sh;
			shellScript = "\"${SRCROOT}/Pods/Target Support Files/Pods-giVit/Pods-giVit-frameworks.sh\"\n";
			showEnvVarsInLog = 0;
		};
		8BC244508381238466AC2E23 /* [CP] Check Pods Manifest.lock */ = {
			isa = PBXShellScriptBuildPhase;
			buildActionMask = 2147483647;
			files = (
			);
			inputPaths = (
				"${PODS_PODFILE_DIR_PATH}/Podfile.lock",
				"${PODS_ROOT}/Manifest.lock",
			);
			name = "[CP] Check Pods Manifest.lock";
			outputPaths = (
				"$(DERIVED_FILE_DIR)/Pods-giVit-checkManifestLockResult.txt",
			);
			runOnlyForDeploymentPostprocessing = 0;
			shellPath = /bin/sh;
			shellScript = "diff \"${PODS_PODFILE_DIR_PATH}/Podfile.lock\" \"${PODS_ROOT}/Manifest.lock\" > /dev/null\nif [ $? != 0 ] ; then\n    # print error to STDERR\n    echo \"error: The sandbox is not in sync with the Podfile.lock. Run 'pod install' or update your CocoaPods installation.\" >&2\n    exit 1\nfi\n# This output is used by Xcode 'outputs' to avoid re-running this script phase.\necho \"SUCCESS\" > \"${SCRIPT_OUTPUT_FILE_0}\"\n";
			showEnvVarsInLog = 0;
		};
/* End PBXShellScriptBuildPhase section */

/* Begin PBXSourcesBuildPhase section */
		FAFE3B2120CC6E270077612E /* Sources */ = {
			isa = PBXSourcesBuildPhase;
			buildActionMask = 2147483647;
			files = (
				FAFAE56320CC884F0005DCEC /* LoginViewController.swift in Sources */,
				FA115A1E20D64E51008D7C2B /* SignUpViewController.swift in Sources */,
				FA115A1C20D61B91008D7C2B /* CustomInputTextField.swift in Sources */,
				FAFE3B2B20CC6E270077612E /* LoadingViewController.swift in Sources */,
				FAAC748420D5BC4E005B22A0 /* CustomFullWidthButton.swift in Sources */,
				FAFE3B2920CC6E270077612E /* AppDelegate.swift in Sources */,
				FAAC748120D5B8E5005B22A0 /* Extensions.swift in Sources */,
			);
			runOnlyForDeploymentPostprocessing = 0;
		};
/* End PBXSourcesBuildPhase section */

/* Begin PBXVariantGroup section */
		FAFE3B2C20CC6E270077612E /* Main.storyboard */ = {
			isa = PBXVariantGroup;
			children = (
				FAFE3B2D20CC6E270077612E /* Base */,
			);
			name = Main.storyboard;
			sourceTree = "<group>";
		};
		FAFE3B3120CC6E290077612E /* LaunchScreen.storyboard */ = {
			isa = PBXVariantGroup;
			children = (
				FAFE3B3220CC6E290077612E /* Base */,
			);
			name = LaunchScreen.storyboard;
			sourceTree = "<group>";
		};
/* End PBXVariantGroup section */

/* Begin XCBuildConfiguration section */
		FA3695FB20DF19C0004BD970 /* Dist */ = {
			isa = XCBuildConfiguration;
			buildSettings = {
				ALWAYS_SEARCH_USER_PATHS = NO;
				CLANG_ANALYZER_NONNULL = YES;
				CLANG_ANALYZER_NUMBER_OBJECT_CONVERSION = YES_AGGRESSIVE;
				CLANG_CXX_LANGUAGE_STANDARD = "gnu++14";
				CLANG_CXX_LIBRARY = "libc++";
				CLANG_ENABLE_MODULES = YES;
				CLANG_ENABLE_OBJC_ARC = YES;
				CLANG_ENABLE_OBJC_WEAK = YES;
				CLANG_WARN_BLOCK_CAPTURE_AUTORELEASING = YES;
				CLANG_WARN_BOOL_CONVERSION = YES;
				CLANG_WARN_COMMA = YES;
				CLANG_WARN_CONSTANT_CONVERSION = YES;
				CLANG_WARN_DEPRECATED_OBJC_IMPLEMENTATIONS = YES;
				CLANG_WARN_DIRECT_OBJC_ISA_USAGE = YES_ERROR;
				CLANG_WARN_DOCUMENTATION_COMMENTS = YES;
				CLANG_WARN_EMPTY_BODY = YES;
				CLANG_WARN_ENUM_CONVERSION = YES;
				CLANG_WARN_INFINITE_RECURSION = YES;
				CLANG_WARN_INT_CONVERSION = YES;
				CLANG_WARN_NON_LITERAL_NULL_CONVERSION = YES;
				CLANG_WARN_OBJC_IMPLICIT_RETAIN_SELF = YES;
				CLANG_WARN_OBJC_LITERAL_CONVERSION = YES;
				CLANG_WARN_OBJC_ROOT_CLASS = YES_ERROR;
				CLANG_WARN_RANGE_LOOP_ANALYSIS = YES;
				CLANG_WARN_STRICT_PROTOTYPES = YES;
				CLANG_WARN_SUSPICIOUS_MOVE = YES;
				CLANG_WARN_UNGUARDED_AVAILABILITY = YES_AGGRESSIVE;
				CLANG_WARN_UNREACHABLE_CODE = YES;
				CLANG_WARN__DUPLICATE_METHOD_MATCH = YES;
				CODE_SIGN_IDENTITY = "iPhone Developer";
				COPY_PHASE_STRIP = NO;
				DEBUG_INFORMATION_FORMAT = "dwarf-with-dsym";
				ENABLE_NS_ASSERTIONS = NO;
				ENABLE_STRICT_OBJC_MSGSEND = YES;
				GCC_C_LANGUAGE_STANDARD = gnu11;
				GCC_NO_COMMON_BLOCKS = YES;
				GCC_WARN_64_TO_32_BIT_CONVERSION = YES;
				GCC_WARN_ABOUT_RETURN_TYPE = YES_ERROR;
				GCC_WARN_UNDECLARED_SELECTOR = YES;
				GCC_WARN_UNINITIALIZED_AUTOS = YES_AGGRESSIVE;
				GCC_WARN_UNUSED_FUNCTION = YES;
				GCC_WARN_UNUSED_VARIABLE = YES;
				IPHONEOS_DEPLOYMENT_TARGET = 11.0;
				MTL_ENABLE_DEBUG_INFO = NO;
				SDKROOT = iphoneos;
				SWIFT_COMPILATION_MODE = wholemodule;
				SWIFT_OPTIMIZATION_LEVEL = "-O";
				VALIDATE_PRODUCT = YES;
			};
			name = Dist;
		};
		FA3695FC20DF19C0004BD970 /* Dist */ = {
			isa = XCBuildConfiguration;
			baseConfigurationReference = 9FF5E4C56E0CCD7C303B79B0 /* Pods-giVit.debug.xcconfig */;
			buildSettings = {
				ASSETCATALOG_COMPILER_APPICON_NAME = AppIcon;
				CODE_SIGN_IDENTITY = "iPhone Developer";
				CODE_SIGN_STYLE = Automatic;
				DEVELOPMENT_TEAM = 9RRMC8U5VD;
				INFOPLIST_FILE = giVit/Info.plist;
				IPHONEOS_DEPLOYMENT_TARGET = 11.0;
				LD_RUNPATH_SEARCH_PATHS = (
					"$(inherited)",
					"@executable_path/Frameworks",
				);
				PRODUCT_BUNDLE_IDENTIFIER = app.givit.giVit;
				PRODUCT_NAME = "$(TARGET_NAME)";
				PROVISIONING_PROFILE = "";
				PROVISIONING_PROFILE_SPECIFIER = "";
				SWIFT_VERSION = 4.0;
				TARGETED_DEVICE_FAMILY = "1,2";
			};
			name = Dist;
		};
		FAFE3B5520CC6E2A0077612E /* Debug */ = {
			isa = XCBuildConfiguration;
			buildSettings = {
				ALWAYS_SEARCH_USER_PATHS = NO;
				CLANG_ANALYZER_NONNULL = YES;
				CLANG_ANALYZER_NUMBER_OBJECT_CONVERSION = YES_AGGRESSIVE;
				CLANG_CXX_LANGUAGE_STANDARD = "gnu++14";
				CLANG_CXX_LIBRARY = "libc++";
				CLANG_ENABLE_MODULES = YES;
				CLANG_ENABLE_OBJC_ARC = YES;
				CLANG_ENABLE_OBJC_WEAK = YES;
				CLANG_WARN_BLOCK_CAPTURE_AUTORELEASING = YES;
				CLANG_WARN_BOOL_CONVERSION = YES;
				CLANG_WARN_COMMA = YES;
				CLANG_WARN_CONSTANT_CONVERSION = YES;
				CLANG_WARN_DEPRECATED_OBJC_IMPLEMENTATIONS = YES;
				CLANG_WARN_DIRECT_OBJC_ISA_USAGE = YES_ERROR;
				CLANG_WARN_DOCUMENTATION_COMMENTS = YES;
				CLANG_WARN_EMPTY_BODY = YES;
				CLANG_WARN_ENUM_CONVERSION = YES;
				CLANG_WARN_INFINITE_RECURSION = YES;
				CLANG_WARN_INT_CONVERSION = YES;
				CLANG_WARN_NON_LITERAL_NULL_CONVERSION = YES;
				CLANG_WARN_OBJC_IMPLICIT_RETAIN_SELF = YES;
				CLANG_WARN_OBJC_LITERAL_CONVERSION = YES;
				CLANG_WARN_OBJC_ROOT_CLASS = YES_ERROR;
				CLANG_WARN_RANGE_LOOP_ANALYSIS = YES;
				CLANG_WARN_STRICT_PROTOTYPES = YES;
				CLANG_WARN_SUSPICIOUS_MOVE = YES;
				CLANG_WARN_UNGUARDED_AVAILABILITY = YES_AGGRESSIVE;
				CLANG_WARN_UNREACHABLE_CODE = YES;
				CLANG_WARN__DUPLICATE_METHOD_MATCH = YES;
				CODE_SIGN_IDENTITY = "iPhone Developer";
				COPY_PHASE_STRIP = NO;
				DEBUG_INFORMATION_FORMAT = dwarf;
				ENABLE_STRICT_OBJC_MSGSEND = YES;
				ENABLE_TESTABILITY = YES;
				GCC_C_LANGUAGE_STANDARD = gnu11;
				GCC_DYNAMIC_NO_PIC = NO;
				GCC_NO_COMMON_BLOCKS = YES;
				GCC_OPTIMIZATION_LEVEL = 0;
				GCC_PREPROCESSOR_DEFINITIONS = (
					"DEBUG=1",
					"$(inherited)",
				);
				GCC_WARN_64_TO_32_BIT_CONVERSION = YES;
				GCC_WARN_ABOUT_RETURN_TYPE = YES_ERROR;
				GCC_WARN_UNDECLARED_SELECTOR = YES;
				GCC_WARN_UNINITIALIZED_AUTOS = YES_AGGRESSIVE;
				GCC_WARN_UNUSED_FUNCTION = YES;
				GCC_WARN_UNUSED_VARIABLE = YES;
				IPHONEOS_DEPLOYMENT_TARGET = 11.0;
				MTL_ENABLE_DEBUG_INFO = YES;
				ONLY_ACTIVE_ARCH = YES;
				SDKROOT = iphoneos;
				SWIFT_ACTIVE_COMPILATION_CONDITIONS = DEBUG;
				SWIFT_OPTIMIZATION_LEVEL = "-Onone";
			};
			name = Debug;
		};
		FAFE3B5620CC6E2A0077612E /* Release */ = {
			isa = XCBuildConfiguration;
			buildSettings = {
				ALWAYS_SEARCH_USER_PATHS = NO;
				CLANG_ANALYZER_NONNULL = YES;
				CLANG_ANALYZER_NUMBER_OBJECT_CONVERSION = YES_AGGRESSIVE;
				CLANG_CXX_LANGUAGE_STANDARD = "gnu++14";
				CLANG_CXX_LIBRARY = "libc++";
				CLANG_ENABLE_MODULES = YES;
				CLANG_ENABLE_OBJC_ARC = YES;
				CLANG_ENABLE_OBJC_WEAK = YES;
				CLANG_WARN_BLOCK_CAPTURE_AUTORELEASING = YES;
				CLANG_WARN_BOOL_CONVERSION = YES;
				CLANG_WARN_COMMA = YES;
				CLANG_WARN_CONSTANT_CONVERSION = YES;
				CLANG_WARN_DEPRECATED_OBJC_IMPLEMENTATIONS = YES;
				CLANG_WARN_DIRECT_OBJC_ISA_USAGE = YES_ERROR;
				CLANG_WARN_DOCUMENTATION_COMMENTS = YES;
				CLANG_WARN_EMPTY_BODY = YES;
				CLANG_WARN_ENUM_CONVERSION = YES;
				CLANG_WARN_INFINITE_RECURSION = YES;
				CLANG_WARN_INT_CONVERSION = YES;
				CLANG_WARN_NON_LITERAL_NULL_CONVERSION = YES;
				CLANG_WARN_OBJC_IMPLICIT_RETAIN_SELF = YES;
				CLANG_WARN_OBJC_LITERAL_CONVERSION = YES;
				CLANG_WARN_OBJC_ROOT_CLASS = YES_ERROR;
				CLANG_WARN_RANGE_LOOP_ANALYSIS = YES;
				CLANG_WARN_STRICT_PROTOTYPES = YES;
				CLANG_WARN_SUSPICIOUS_MOVE = YES;
				CLANG_WARN_UNGUARDED_AVAILABILITY = YES_AGGRESSIVE;
				CLANG_WARN_UNREACHABLE_CODE = YES;
				CLANG_WARN__DUPLICATE_METHOD_MATCH = YES;
				CODE_SIGN_IDENTITY = "iPhone Developer";
				COPY_PHASE_STRIP = NO;
				DEBUG_INFORMATION_FORMAT = "dwarf-with-dsym";
				ENABLE_NS_ASSERTIONS = NO;
				ENABLE_STRICT_OBJC_MSGSEND = YES;
				GCC_C_LANGUAGE_STANDARD = gnu11;
				GCC_NO_COMMON_BLOCKS = YES;
				GCC_WARN_64_TO_32_BIT_CONVERSION = YES;
				GCC_WARN_ABOUT_RETURN_TYPE = YES_ERROR;
				GCC_WARN_UNDECLARED_SELECTOR = YES;
				GCC_WARN_UNINITIALIZED_AUTOS = YES_AGGRESSIVE;
				GCC_WARN_UNUSED_FUNCTION = YES;
				GCC_WARN_UNUSED_VARIABLE = YES;
				IPHONEOS_DEPLOYMENT_TARGET = 11.0;
				MTL_ENABLE_DEBUG_INFO = NO;
				SDKROOT = iphoneos;
				SWIFT_COMPILATION_MODE = wholemodule;
				SWIFT_OPTIMIZATION_LEVEL = "-O";
				VALIDATE_PRODUCT = YES;
			};
			name = Release;
		};
		FAFE3B6020CC6E2A0077612E /* Debug */ = {
			isa = XCBuildConfiguration;
			baseConfigurationReference = 9FF5E4C56E0CCD7C303B79B0 /* Pods-giVit.debug.xcconfig */;
			buildSettings = {
				ASSETCATALOG_COMPILER_APPICON_NAME = AppIcon;
				CODE_SIGN_IDENTITY = "iPhone Developer";
				CODE_SIGN_STYLE = Automatic;
				DEVELOPMENT_TEAM = 9RRMC8U5VD;
				INFOPLIST_FILE = giVit/Info.plist;
				IPHONEOS_DEPLOYMENT_TARGET = 11.0;
				LD_RUNPATH_SEARCH_PATHS = (
					"$(inherited)",
					"@executable_path/Frameworks",
				);
				PRODUCT_BUNDLE_IDENTIFIER = app.givit.giVit;
				PRODUCT_NAME = "$(TARGET_NAME)";
				PROVISIONING_PROFILE = "";
				PROVISIONING_PROFILE_SPECIFIER = "";
				SWIFT_VERSION = 4.0;
				TARGETED_DEVICE_FAMILY = "1,2";
			};
			name = Debug;
		};
		FAFE3B6120CC6E2A0077612E /* Release */ = {
			isa = XCBuildConfiguration;
			baseConfigurationReference = 2822D20473344B8C2F2F2C3E /* Pods-giVit.release.xcconfig */;
			buildSettings = {
				ASSETCATALOG_COMPILER_APPICON_NAME = AppIcon;
				CODE_SIGN_IDENTITY = "iPhone Developer";
				CODE_SIGN_STYLE = Automatic;
				DEVELOPMENT_TEAM = 9RRMC8U5VD;
				INFOPLIST_FILE = giVit/Info.plist;
				IPHONEOS_DEPLOYMENT_TARGET = 11.0;
				LD_RUNPATH_SEARCH_PATHS = (
					"$(inherited)",
					"@executable_path/Frameworks",
				);
				PRODUCT_BUNDLE_IDENTIFIER = app.givit.giVit;
				PRODUCT_NAME = "$(TARGET_NAME)";
				PROVISIONING_PROFILE = "";
				PROVISIONING_PROFILE_SPECIFIER = "";
				SWIFT_VERSION = 4.0;
				TARGETED_DEVICE_FAMILY = "1,2";
			};
			name = Release;
		};
/* End XCBuildConfiguration section */

/* Begin XCConfigurationList section */
		FAFE3B2020CC6E270077612E /* Build configuration list for PBXProject "giVit" */ = {
			isa = XCConfigurationList;
			buildConfigurations = (
				FAFE3B5520CC6E2A0077612E /* Debug */,
				FAFE3B5620CC6E2A0077612E /* Release */,
				FA3695FB20DF19C0004BD970 /* Dist */,
			);
			defaultConfigurationIsVisible = 0;
			defaultConfigurationName = Dist;
		};
		FAFE3B5F20CC6E2A0077612E /* Build configuration list for PBXNativeTarget "giVit" */ = {
			isa = XCConfigurationList;
			buildConfigurations = (
				FAFE3B6020CC6E2A0077612E /* Debug */,
				FAFE3B6120CC6E2A0077612E /* Release */,
				FA3695FC20DF19C0004BD970 /* Dist */,
			);
			defaultConfigurationIsVisible = 0;
			defaultConfigurationName = Dist;
		};
/* End XCConfigurationList section */
	};
	rootObject = FAFE3B1D20CC6E270077612E /* Project object */;
}
